<?xml version="1.0" encoding="utf-8"?>
<Project ToolsVersion="4.0" xmlns="http://schemas.microsoft.com/developer/msbuild/2003">
  <ItemGroup>
    <Filter Include="Source Files">
      <UniqueIdentifier>{4FC737F1-C7A5-4376-A066-2A32D752A2FF}</UniqueIdentifier>
      <Extensions>cpp;c;cc;cxx;def;odl;idl;hpj;bat;asm;asmx</Extensions>
    </Filter>
    <Filter Include="Header Files">
      <UniqueIdentifier>{93995380-89BD-4b04-88EB-625FBE52EBFB}</UniqueIdentifier>
      <Extensions>h;hpp;hxx;hm;inl;inc;xsd</Extensions>
    </Filter>
    <Filter Include="Resource Files">
      <UniqueIdentifier>{67DA6AB6-F800-4c08-8B7A-83BB121AAD01}</UniqueIdentifier>
      <Extensions>rc;ico;cur;bmp;dlg;rc2;rct;bin;rgs;gif;jpg;jpeg;jpe;resx;tiff;tif;png;wav;mfcribbon-ms</Extensions>
    </Filter>
  </ItemGroup>
  <ItemGroup>
    <Text Include="ReadMe.txt" />
  </ItemGroup>
  <ItemGroup>
    <ClInclude Include="TripLight.h">
      <Filter>Header Files</Filter>
    </ClInclude>
    <ClInclude Include="stdafx.h">
      <Filter>Header Files</Filter>
    </ClInclude>
    <ClInclude Include="targetver.h">
      <Filter>Header Files</Filter>
    </ClInclude>
    <ClInclude Include="MainFrm.h">
      <Filter>Header Files</Filter>
    </ClInclude>
    <ClInclude Include="TripLightDoc.h">
      <Filter>Header Files</Filter>
    </ClInclude>
    <ClInclude Include="TripLightView.h">
      <Filter>Header Files</Filter>
    </ClInclude>
    <ClInclude Include="Resource.h">
      <Filter>Header Files</Filter>
    </ClInclude>
    <ClInclude Include="ArrayEx.h">
      <Filter>Header Files</Filter>
    </ClInclude>
    <ClInclude Include="Benchmark.h">
      <Filter>Header Files</Filter>
    </ClInclude>
    <ClInclude Include="Dib.h">
      <Filter>Header Files</Filter>
    </ClInclude>
    <ClInclude Include="FixedArray.h">
      <Filter>Header Files</Filter>
    </ClInclude>
    <ClInclude Include="FolderDialog.h">
      <Filter>Header Files</Filter>
    </ClInclude>
    <ClInclude Include="Globals.h">
      <Filter>Header Files</Filter>
    </ClInclude>
    <ClInclude Include="IniFile.h">
      <Filter>Header Files</Filter>
    </ClInclude>
    <ClInclude Include="MappingDlg.h">
      <Filter>Header Files</Filter>
    </ClInclude>
    <ClInclude Include="Midi.h">
      <Filter>Header Files</Filter>
    </ClInclude>
    <ClInclude Include="MidiCtrlrDef.h">
      <Filter>Header Files</Filter>
    </ClInclude>
    <ClInclude Include="MidiFile.h">
      <Filter>Header Files</Filter>
    </ClInclude>
    <ClInclude Include="MidiWrap.h">
      <Filter>Header Files</Filter>
    </ClInclude>
    <ClInclude Include="OptionsDlg.h">
      <Filter>Header Files</Filter>
    </ClInclude>
    <ClInclude Include="PathStr.h">
      <Filter>Header Files</Filter>
    </ClInclude>
    <ClInclude Include="Persist.h">
      <Filter>Header Files</Filter>
    </ClInclude>
    <ClInclude Include="PianoWnd.h">
      <Filter>Header Files</Filter>
    </ClInclude>
    <ClInclude Include="ProgressDlg.h">
      <Filter>Header Files</Filter>
    </ClInclude>
    <ClInclude Include="PropertiesDlg.h">
      <Filter>Header Files</Filter>
    </ClInclude>
    <ClInclude Include="RegTypes.h">
      <Filter>Header Files</Filter>
    </ClInclude>
    <ClInclude Include="RegWrap.h">
      <Filter>Header Files</Filter>
    </ClInclude>
    <ClInclude Include="Round.h">
      <Filter>Header Files</Filter>
    </ClInclude>
    <ClInclude Include="SaveObj.h">
      <Filter>Header Files</Filter>
    </ClInclude>
    <ClInclude Include="Settings.h">
      <Filter>Header Files</Filter>
    </ClInclude>
    <ClInclude Include="SettingsDef.h">
      <Filter>Header Files</Filter>
    </ClInclude>
    <ClInclude Include="SettingsDlg.h">
      <Filter>Header Files</Filter>
    </ClInclude>
    <ClInclude Include="TripLightParams.h">
      <Filter>Header Files</Filter>
    </ClInclude>
    <ClInclude Include="Version.h">
      <Filter>Header Files</Filter>
    </ClInclude>
    <ClInclude Include="VersionInfo.h">
      <Filter>Header Files</Filter>
    </ClInclude>
    <ClInclude Include="Win32Console.h">
      <Filter>Header Files</Filter>
    </ClInclude>
    <ClInclude Include="WObject.h">
      <Filter>Header Files</Filter>
    </ClInclude>
    <ClInclude Include="Wrapx64.h">
      <Filter>Header Files</Filter>
    </ClInclude>
  </ItemGroup>
  <ItemGroup>
    <ClCompile Include="TripLight.cpp">
      <Filter>Source Files</Filter>
    </ClCompile>
    <ClCompile Include="stdafx.cpp">
      <Filter>Source Files</Filter>
    </ClCompile>
    <ClCompile Include="MainFrm.cpp">
      <Filter>Source Files</Filter>
    </ClCompile>
    <ClCompile Include="TripLightDoc.cpp">
      <Filter>Source Files</Filter>
    </ClCompile>
    <ClCompile Include="TripLightView.cpp">
      <Filter>Source Files</Filter>
    </ClCompile>
    <ClCompile Include="ArrayEx.cpp">
      <Filter>Source Files</Filter>
    </ClCompile>
    <ClCompile Include="Benchmark.cpp">
      <Filter>Source Files</Filter>
    </ClCompile>
    <ClCompile Include="Dib.cpp">
      <Filter>Source Files</Filter>
    </ClCompile>
    <ClCompile Include="FolderDialog.cpp">
      <Filter>Source Files</Filter>
    </ClCompile>
    <ClCompile Include="IniFile.cpp">
      <Filter>Source Files</Filter>
    </ClCompile>
    <ClCompile Include="MappingDlg.cpp">
      <Filter>Source Files</Filter>
    </ClCompile>
    <ClCompile Include="MidiFile.cpp">
      <Filter>Source Files</Filter>
    </ClCompile>
    <ClCompile Include="MidiWrap.cpp">
      <Filter>Source Files</Filter>
    </ClCompile>
    <ClCompile Include="OptionsDlg.cpp">
      <Filter>Source Files</Filter>
    </ClCompile>
    <ClCompile Include="PathStr.cpp">
      <Filter>Source Files</Filter>
    </ClCompile>
    <ClCompile Include="Persist.cpp">
      <Filter>Source Files</Filter>
    </ClCompile>
    <ClCompile Include="PianoWnd.cpp">
      <Filter>Source Files</Filter>
    </ClCompile>
    <ClCompile Include="ProgressDlg.cpp">
      <Filter>Source Files</Filter>
    </ClCompile>
    <ClCompile Include="PropertiesDlg.cpp">
      <Filter>Source Files</Filter>
    </ClCompile>
    <ClCompile Include="Settings.cpp">
      <Filter>Source Files</Filter>
    </ClCompile>
    <ClCompile Include="SettingsDlg.cpp">
      <Filter>Source Files</Filter>
    </ClCompile>
    <ClCompile Include="VersionInfo.cpp">
      <Filter>Source Files</Filter>
    </ClCompile>
    <ClCompile Include="Win32Console.cpp">
      <Filter>Source Files</Filter>
    </ClCompile>
  </ItemGroup>
  <ItemGroup>
    <ResourceCompile Include="TripLight.rc">
      <Filter>Resource Files</Filter>
    </ResourceCompile>
  </ItemGroup>
  <ItemGroup>
    <Image Include="UserImages.bmp">
      <Filter>Resource Files</Filter>
    </Image>
    <Image Include="res\TripLightDoc.ico">
      <Filter>Resource Files</Filter>
    </Image>
    <Image Include="res\TripLight.ico">
      <Filter>Resource Files</Filter>
    </Image>
    <Image Include="res\Toolbar.bmp">
      <Filter>Resource Files</Filter>
    </Image>
  </ItemGroup>
  <ItemGroup>
    <None Include="res\TripLight.rc2">
      <Filter>Resource Files</Filter>
    </None>
  </ItemGroup>
</Project>