// !$*UTF8*$!
{
	archiveVersion = 1;
	classes = {
	};
	objectVersion = 46;
	objects = {

/* Begin PBXBuildFile section */
		5B57DA501C744228003A13CA /* FFGL.cpp in Sources */ = {isa = PBXBuildFile; fileRef = 5B57DA3E1C744228003A13CA /* FFGL.cpp */; };
		5B57DA511C744228003A13CA /* FFGLPluginInfo.cpp in Sources */ = {isa = PBXBuildFile; fileRef = 5B57DA431C744228003A13CA /* FFGLPluginInfo.cpp */; };
		5B57DA521C744228003A13CA /* FFGLPluginInfoData.cpp in Sources */ = {isa = PBXBuildFile; fileRef = 5B57DA451C744228003A13CA /* FFGLPluginInfoData.cpp */; };
		5B57DA531C744228003A13CA /* FFGLPluginManager.cpp in Sources */ = {isa = PBXBuildFile; fileRef = 5B57DA461C744228003A13CA /* FFGLPluginManager.cpp */; };
		5B57DA541C744228003A13CA /* FFGLPluginSDK.cpp in Sources */ = {isa = PBXBuildFile; fileRef = 5B57DA491C744228003A13CA /* FFGLPluginSDK.cpp */; };
		5B57DA551C744228003A13CA /* TripLightFF.cpp in Sources */ = {isa = PBXBuildFile; fileRef = 5B57DA4E1C744228003A13CA /* TripLightFF.cpp */; };
		5B57DA571C74460D003A13CA /* OpenGL.framework in Frameworks */ = {isa = PBXBuildFile; fileRef = 5B57DA561C74460D003A13CA /* OpenGL.framework */; };
/* End PBXBuildFile section */

/* Begin PBXFileReference section */
		5B57DA321C74419C003A13CA /* TripLight.bundle */ = {isa = PBXFileReference; explicitFileType = wrapper.cfbundle; includeInIndex = 0; path = TripLight.bundle; sourceTree = BUILT_PRODUCTS_DIR; };
		5B57DA351C74419C003A13CA /* Info.plist */ = {isa = PBXFileReference; lastKnownFileType = text.plist.xml; path = Info.plist; sourceTree = "<group>"; };
		5B57DA3E1C744228003A13CA /* FFGL.cpp */ = {isa = PBXFileReference; fileEncoding = 4; lastKnownFileType = sourcecode.cpp.cpp; path = FFGL.cpp; sourceTree = "<group>"; };
		5B57DA3F1C744228003A13CA /* FFGL.h */ = {isa = PBXFileReference; fileEncoding = 4; lastKnownFileType = sourcecode.c.h; path = FFGL.h; sourceTree = "<group>"; };
		5B57DA401C744228003A13CA /* FFGLExtensions.h */ = {isa = PBXFileReference; fileEncoding = 4; lastKnownFileType = sourcecode.c.h; path = FFGLExtensions.h; sourceTree = "<group>"; };
		5B57DA411C744228003A13CA /* FFGLFBO.h */ = {isa = PBXFileReference; fileEncoding = 4; lastKnownFileType = sourcecode.c.h; path = FFGLFBO.h; sourceTree = "<group>"; };
		5B57DA421C744228003A13CA /* FFGLLib.h */ = {isa = PBXFileReference; fileEncoding = 4; lastKnownFileType = sourcecode.c.h; path = FFGLLib.h; sourceTree = "<group>"; };
		5B57DA431C744228003A13CA /* FFGLPluginInfo.cpp */ = {isa = PBXFileReference; fileEncoding = 4; lastKnownFileType = sourcecode.cpp.cpp; path = FFGLPluginInfo.cpp; sourceTree = "<group>"; };
		5B57DA441C744228003A13CA /* FFGLPluginInfo.h */ = {isa = PBXFileReference; fileEncoding = 4; lastKnownFileType = sourcecode.c.h; path = FFGLPluginInfo.h; sourceTree = "<group>"; };
		5B57DA451C744228003A13CA /* FFGLPluginInfoData.cpp */ = {isa = PBXFileReference; fileEncoding = 4; lastKnownFileType = sourcecode.cpp.cpp; path = FFGLPluginInfoData.cpp; sourceTree = "<group>"; };
		5B57DA461C744228003A13CA /* FFGLPluginManager.cpp */ = {isa = PBXFileReference; fileEncoding = 4; lastKnownFileType = sourcecode.cpp.cpp; path = FFGLPluginManager.cpp; sourceTree = "<group>"; };
		5B57DA471C744228003A13CA /* FFGLPluginManager.h */ = {isa = PBXFileReference; fileEncoding = 4; lastKnownFileType = sourcecode.c.h; path = FFGLPluginManager.h; sourceTree = "<group>"; };
		5B57DA481C744228003A13CA /* FFGLPluginManager_inl.h */ = {isa = PBXFileReference; fileEncoding = 4; lastKnownFileType = sourcecode.c.h; path = FFGLPluginManager_inl.h; sourceTree = "<group>"; };
		5B57DA491C744228003A13CA /* FFGLPluginSDK.cpp */ = {isa = PBXFileReference; fileEncoding = 4; lastKnownFileType = sourcecode.cpp.cpp; path = FFGLPluginSDK.cpp; sourceTree = "<group>"; };
		5B57DA4A1C744228003A13CA /* FFGLPluginSDK.h */ = {isa = PBXFileReference; fileEncoding = 4; lastKnownFileType = sourcecode.c.h; path = FFGLPluginSDK.h; sourceTree = "<group>"; };
		5B57DA4B1C744228003A13CA /* FFGLShader.h */ = {isa = PBXFileReference; fileEncoding = 4; lastKnownFileType = sourcecode.c.h; path = FFGLShader.h; sourceTree = "<group>"; };
		5B57DA4C1C744228003A13CA /* FreeFrame.h */ = {isa = PBXFileReference; fileEncoding = 4; lastKnownFileType = sourcecode.c.h; path = FreeFrame.h; sourceTree = "<group>"; };
		5B57DA4E1C744228003A13CA /* TripLightFF.cpp */ = {isa = PBXFileReference; fileEncoding = 4; lastKnownFileType = sourcecode.cpp.cpp; path = TripLightFF.cpp; sourceTree = SOURCE_ROOT; };
		5B57DA4F1C744228003A13CA /* TripLightFF.h */ = {isa = PBXFileReference; fileEncoding = 4; lastKnownFileType = sourcecode.c.h; path = TripLightFF.h; sourceTree = SOURCE_ROOT; };
		5B57DA561C74460D003A13CA /* OpenGL.framework */ = {isa = PBXFileReference; lastKnownFileType = wrapper.framework; name = OpenGL.framework; path = System/Library/Frameworks/OpenGL.framework; sourceTree = SDKROOT; };
/* End PBXFileReference section */

/* Begin PBXFrameworksBuildPhase section */
		5B57DA2F1C74419C003A13CA /* Frameworks */ = {
			isa = PBXFrameworksBuildPhase;
			buildActionMask = 2147483647;
			files = (
				5B57DA571C74460D003A13CA /* OpenGL.framework in Frameworks */,
			);
			runOnlyForDeploymentPostprocessing = 0;
		};
/* End PBXFrameworksBuildPhase section */

/* Begin PBXGroup section */
		5B57DA291C74419C003A13CA = {
			isa = PBXGroup;
			children = (
				5B57DA561C74460D003A13CA /* OpenGL.framework */,
				5B57DA341C74419C003A13CA /* TripLight */,
				5B57DA331C74419C003A13CA /* Products */,
			);
			sourceTree = "<group>";
		};
		5B57DA331C74419C003A13CA /* Products */ = {
			isa = PBXGroup;
			children = (
				5B57DA321C74419C003A13CA /* TripLight.bundle */,
			);
			name = Products;
			sourceTree = "<group>";
		};
		5B57DA341C74419C003A13CA /* TripLight */ = {
			isa = PBXGroup;
			children = (
				5B57DA3C1C744212003A13CA /* src */,
				5B57DA351C74419C003A13CA /* Info.plist */,
			);
			path = TripLight;
			sourceTree = "<group>";
		};
		5B57DA3C1C744212003A13CA /* src */ = {
			isa = PBXGroup;
			children = (
				5B57DA3D1C744228003A13CA /* FFGL */,
				5B57DA4E1C744228003A13CA /* TripLightFF.cpp */,
				5B57DA4F1C744228003A13CA /* TripLightFF.h */,
			);
			name = src;
			sourceTree = "<group>";
		};
		5B57DA3D1C744228003A13CA /* FFGL */ = {
			isa = PBXGroup;
			children = (
				5B57DA3E1C744228003A13CA /* FFGL.cpp */,
				5B57DA3F1C744228003A13CA /* FFGL.h */,
				5B57DA401C744228003A13CA /* FFGLExtensions.h */,
				5B57DA411C744228003A13CA /* FFGLFBO.h */,
				5B57DA421C744228003A13CA /* FFGLLib.h */,
				5B57DA431C744228003A13CA /* FFGLPluginInfo.cpp */,
				5B57DA441C744228003A13CA /* FFGLPluginInfo.h */,
				5B57DA451C744228003A13CA /* FFGLPluginInfoData.cpp */,
				5B57DA461C744228003A13CA /* FFGLPluginManager.cpp */,
				5B57DA471C744228003A13CA /* FFGLPluginManager.h */,
				5B57DA481C744228003A13CA /* FFGLPluginManager_inl.h */,
				5B57DA491C744228003A13CA /* FFGLPluginSDK.cpp */,
				5B57DA4A1C744228003A13CA /* FFGLPluginSDK.h */,
				5B57DA4B1C744228003A13CA /* FFGLShader.h */,
				5B57DA4C1C744228003A13CA /* FreeFrame.h */,
			);
			path = FFGL;
			sourceTree = SOURCE_ROOT;
		};
/* End PBXGroup section */

/* Begin PBXNativeTarget section */
		5B57DA311C74419C003A13CA /* TripLight */ = {
			isa = PBXNativeTarget;
			buildConfigurationList = 5B57DA381C74419C003A13CA /* Build configuration list for PBXNativeTarget "TripLight" */;
			buildPhases = (
				5B57DA2E1C74419C003A13CA /* Sources */,
				5B57DA2F1C74419C003A13CA /* Frameworks */,
				5B57DA301C74419C003A13CA /* Resources */,
			);
			buildRules = (
			);
			dependencies = (
			);
			name = TripLight;
			productName = TripLight;
			productReference = 5B57DA321C74419C003A13CA /* TripLight.bundle */;
			productType = "com.apple.product-type.bundle";
		};
/* End PBXNativeTarget section */

/* Begin PBXProject section */
		5B57DA2A1C74419C003A13CA /* Project object */ = {
			isa = PBXProject;
			attributes = {
				LastUpgradeCheck = 0720;
				TargetAttributes = {
					5B57DA311C74419C003A13CA = {
						CreatedOnToolsVersion = 7.2;
					};
				};
			};
			buildConfigurationList = 5B57DA2D1C74419C003A13CA /* Build configuration list for PBXProject "TripLight" */;
			compatibilityVersion = "Xcode 3.2";
			developmentRegion = English;
			hasScannedForEncodings = 0;
			knownRegions = (
				en,
			);
			mainGroup = 5B57DA291C74419C003A13CA;
			productRefGroup = 5B57DA331C74419C003A13CA /* Products */;
			projectDirPath = "";
			projectRoot = "";
			targets = (
				5B57DA311C74419C003A13CA /* TripLight */,
			);
		};
/* End PBXProject section */

/* Begin PBXResourcesBuildPhase section */
		5B57DA301C74419C003A13CA /* Resources */ = {
			isa = PBXResourcesBuildPhase;
			buildActionMask = 2147483647;
			files = (
			);
			runOnlyForDeploymentPostprocessing = 0;
		};
/* End PBXResourcesBuildPhase section */

/* Begin PBXSourcesBuildPhase section */
		5B57DA2E1C74419C003A13CA /* Sources */ = {
			isa = PBXSourcesBuildPhase;
			buildActionMask = 2147483647;
			files = (
				5B57DA521C744228003A13CA /* FFGLPluginInfoData.cpp in Sources */,
				5B57DA551C744228003A13CA /* TripLightFF.cpp in Sources */,
				5B57DA501C744228003A13CA /* FFGL.cpp in Sources */,
				5B57DA511C744228003A13CA /* FFGLPluginInfo.cpp in Sources */,
				5B57DA541C744228003A13CA /* FFGLPluginSDK.cpp in Sources */,
				5B57DA531C744228003A13CA /* FFGLPluginManager.cpp in Sources */,
			);
			runOnlyForDeploymentPostprocessing = 0;
		};
/* End PBXSourcesBuildPhase section */

/* Begin XCBuildConfiguration section */
		5B57DA361C74419C003A13CA /* Debug */ = {
			isa = XCBuildConfiguration;
			buildSettings = {
				ALWAYS_SEARCH_USER_PATHS = NO;
				CLANG_CXX_LANGUAGE_STANDARD = "gnu++0x";
				CLANG_CXX_LIBRARY = "libc++";
				CLANG_ENABLE_MODULES = YES;
				CLANG_ENABLE_OBJC_ARC = YES;
				CLANG_WARN_BOOL_CONVERSION = YES;
				CLANG_WARN_CONSTANT_CONVERSION = YES;
				CLANG_WARN_DIRECT_OBJC_ISA_USAGE = YES_ERROR;
				CLANG_WARN_EMPTY_BODY = YES;
				CLANG_WARN_ENUM_CONVERSION = YES;
				CLANG_WARN_INT_CONVERSION = YES;
				CLANG_WARN_OBJC_ROOT_CLASS = YES_ERROR;
				CLANG_WARN_UNREACHABLE_CODE = YES;
				CLANG_WARN__DUPLICATE_METHOD_MATCH = YES;
				CODE_SIGN_IDENTITY = "-";
				COPY_PHASE_STRIP = NO;
				DEBUG_INFORMATION_FORMAT = dwarf;
				ENABLE_STRICT_OBJC_MSGSEND = YES;
				ENABLE_TESTABILITY = YES;
				GCC_C_LANGUAGE_STANDARD = gnu99;
				GCC_DYNAMIC_NO_PIC = NO;
				GCC_NO_COMMON_BLOCKS = YES;
				GCC_OPTIMIZATION_LEVEL = 0;
				GCC_PREPROCESSOR_DEFINITIONS = (
					"DEBUG=1",
					"$(inherited)",
				);
				GCC_WARN_64_TO_32_BIT_CONVERSION = YES;
				GCC_WARN_ABOUT_RETURN_TYPE = YES_ERROR;
				GCC_WARN_UNDECLARED_SELECTOR = YES;
				GCC_WARN_UNINITIALIZED_AUTOS = YES_AGGRESSIVE;
				GCC_WARN_UNUSED_FUNCTION = YES;
				GCC_WARN_UNUSED_VARIABLE = YES;
				MACOSX_DEPLOYMENT_TARGET = 10.10;
				MTL_ENABLE_DEBUG_INFO = YES;
				ONLY_ACTIVE_ARCH = YES;
				SDKROOT = macosx;
			};
			name = Debug;
		};
		5B57DA371C74419C003A13CA /* Release */ = {
			isa = XCBuildConfiguration;
			buildSettings = {
				ALWAYS_SEARCH_USER_PATHS = NO;
				CLANG_CXX_LANGUAGE_STANDARD = "gnu++0x";
				CLANG_CXX_LIBRARY = "libc++";
				CLANG_ENABLE_MODULES = YES;
				CLANG_ENABLE_OBJC_ARC = YES;
				CLANG_WARN_BOOL_CONVERSION = YES;
				CLANG_WARN_CONSTANT_CONVERSION = YES;
				CLANG_WARN_DIRECT_OBJC_ISA_USAGE = YES_ERROR;
				CLANG_WARN_EMPTY_BODY = YES;
				CLANG_WARN_ENUM_CONVERSION = YES;
				CLANG_WARN_INT_CONVERSION = YES;
				CLANG_WARN_OBJC_ROOT_CLASS = YES_ERROR;
				CLANG_WARN_UNREACHABLE_CODE = YES;
				CLANG_WARN__DUPLICATE_METHOD_MATCH = YES;
				CODE_SIGN_IDENTITY = "-";
				COPY_PHASE_STRIP = NO;
				DEBUG_INFORMATION_FORMAT = "dwarf-with-dsym";
				ENABLE_NS_ASSERTIONS = NO;
				ENABLE_STRICT_OBJC_MSGSEND = YES;
				GCC_C_LANGUAGE_STANDARD = gnu99;
				GCC_NO_COMMON_BLOCKS = YES;
				GCC_WARN_64_TO_32_BIT_CONVERSION = YES;
				GCC_WARN_ABOUT_RETURN_TYPE = YES_ERROR;
				GCC_WARN_UNDECLARED_SELECTOR = YES;
				GCC_WARN_UNINITIALIZED_AUTOS = YES_AGGRESSIVE;
				GCC_WARN_UNUSED_FUNCTION = YES;
				GCC_WARN_UNUSED_VARIABLE = YES;
				MACOSX_DEPLOYMENT_TARGET = 10.10;
				MTL_ENABLE_DEBUG_INFO = NO;
				SDKROOT = macosx;
			};
			name = Release;
		};
		5B57DA391C74419C003A13CA /* Debug */ = {
			isa = XCBuildConfiguration;
			buildSettings = {
				ARCHS = "$(ARCHS_STANDARD_32_BIT)";
				COMBINE_HIDPI_IMAGES = YES;
				GCC_PREPROCESSOR_DEFINITIONS = (
					TARGET_OS_MAC,
					DEBUG,
				);
				HEADER_SEARCH_PATHS = "$(SRCROOT)/FFGL";
				INFOPLIST_FILE = Info.plist;
				INSTALL_PATH = "$(LOCAL_LIBRARY_DIR)/Bundles";
				PRODUCT_BUNDLE_IDENTIFIER = org.whorld.TripLight;
				PRODUCT_NAME = "$(TARGET_NAME)";
				SKIP_INSTALL = YES;
				WRAPPER_EXTENSION = bundle;
			};
			name = Debug;
		};
		5B57DA3A1C74419C003A13CA /* Release */ = {
			isa = XCBuildConfiguration;
			buildSettings = {
				ARCHS = "$(ARCHS_STANDARD_32_BIT)";
				COMBINE_HIDPI_IMAGES = YES;
				GCC_PREPROCESSOR_DEFINITIONS = TARGET_OS_MAC;
				"GCC_PREPROCESSOR_DEFINITIONS[arch=*]" = "";
				HEADER_SEARCH_PATHS = "$(SRCROOT)/FFGL";
				INFOPLIST_FILE = Info.plist;
				INSTALL_PATH = "$(LOCAL_LIBRARY_DIR)/Bundles";
				PRODUCT_BUNDLE_IDENTIFIER = org.whorld.TripLight;
				PRODUCT_NAME = "$(TARGET_NAME)";
				SKIP_INSTALL = YES;
				WRAPPER_EXTENSION = bundle;
			};
			name = Release;
		};
/* End XCBuildConfiguration section */

/* Begin XCConfigurationList section */
		5B57DA2D1C74419C003A13CA /* Build configuration list for PBXProject "TripLight" */ = {
			isa = XCConfigurationList;
			buildConfigurations = (
				5B57DA361C74419C003A13CA /* Debug */,
				5B57DA371C74419C003A13CA /* Release */,
			);
			defaultConfigurationIsVisible = 0;
			defaultConfigurationName = Release;
		};
		5B57DA381C74419C003A13CA /* Build configuration list for PBXNativeTarget "TripLight" */ = {
			isa = XCConfigurationList;
			buildConfigurations = (
				5B57DA391C74419C003A13CA /* Debug */,
				5B57DA3A1C74419C003A13CA /* Release */,
			);
			defaultConfigurationIsVisible = 0;
			defaultConfigurationName = Release;
		};
/* End XCConfigurationList section */
	};
	rootObject = 5B57DA2A1C74419C003A13CA /* Project object */;
}
